
Microsoft Visual Studio Solution File, Format Version 12.00
# Visual Studio Version 16
VisualStudioVersion = 16.0.31624.102
MinimumVisualStudioVersion = 10.0.40219.1
Project("{FAE04EC0-301F-11D3-BF4B-00C04F79EFBC}") = "lab3", "lab3\lab3.csproj", "{ED5FA534-321E-4085-8D3D-518A2D574C0C}"
EndProject
Global
	GlobalSection(SolutionConfigurationPlatforms) = preSolution
		Debug|Any CPU = Debug|Any CPU
		Release|Any CPU = Release|Any CPU
	EndGlobalSection
	GlobalSection(ProjectConfigurationPlatforms) = postSolution
		{ED5FA534-321E-4085-8D3D-518A2D574C0C}.Debug|Any CPU.ActiveCfg = Debug|Any CPU
		{ED5FA534-321E-4085-8D3D-518A2D574C0C}.Debug|Any CPU.Build.0 = Debug|Any CPU
		{ED5FA534-321E-4085-8D3D-518A2D574C0C}.Release|Any CPU.ActiveCfg = Release|Any CPU
		{ED5FA534-321E-4085-8D3D-518A2D574C0C}.Release|Any CPU.Build.0 = Release|Any CPU
	EndGlobalSection
	GlobalSection(SolutionProperties) = preSolution
		HideSolutionNode = FALSE
	EndGlobalSection
	GlobalSection(ExtensibilityGlobals) = postSolution
		SolutionGuid = {1C880947-F494-42CB-A976-8E857589B897}
	EndGlobalSection
EndGlobal
